
Microsoft Visual Studio Solution File, Format Version 12.00
# Visual Studio 15
Project("{FAE04EC0-301F-11D3-BF4B-00C04F79EFBC}") = "Assembly-CSharp", "Assembly-CSharp.csproj", "{28AD2212-FE39-AA54-8084-BAE14F43C26D}"
EndProject
Project("{FAE04EC0-301F-11D3-BF4B-00C04F79EFBC}") = "Meryel.CodeAssist.Editor", "Meryel.CodeAssist.Editor.csproj", "{4EEB0B5E-52F4-C3D7-FBB3-D0097FD7ADEC}"
EndProject
Global
	GlobalSection(SolutionConfigurationPlatforms) = preSolution
		Debug|Any CPU = Debug|Any CPU
		Release|Any CPU = Release|Any CPU
	EndGlobalSection
	GlobalSection(ProjectConfigurationPlatforms) = postSolution
		{28AD2212-FE39-AA54-8084-BAE14F43C26D}.Debug|Any CPU.ActiveCfg = Debug|Any CPU
		{28AD2212-FE39-AA54-8084-BAE14F43C26D}.Debug|Any CPU.Build.0 = Debug|Any CPU
		{28AD2212-FE39-AA54-8084-BAE14F43C26D}.Release|Any CPU.ActiveCfg = Release|Any CPU
		{28AD2212-FE39-AA54-8084-BAE14F43C26D}.Release|Any CPU.Build.0 = Release|Any CPU
		{4EEB0B5E-52F4-C3D7-FBB3-D0097FD7ADEC}.Debug|Any CPU.ActiveCfg = Debug|Any CPU
		{4EEB0B5E-52F4-C3D7-FBB3-D0097FD7ADEC}.Debug|Any CPU.Build.0 = Debug|Any CPU
		{4EEB0B5E-52F4-C3D7-FBB3-D0097FD7ADEC}.Release|Any CPU.ActiveCfg = Release|Any CPU
		{4EEB0B5E-52F4-C3D7-FBB3-D0097FD7ADEC}.Release|Any CPU.Build.0 = Release|Any CPU
	EndGlobalSection
	GlobalSection(SolutionProperties) = preSolution
		HideSolutionNode = FALSE
	EndGlobalSection
EndGlobal
